// !$*UTF8*$!
{
	archiveVersion = 1;
	classes = {
	};
	objectVersion = 50;
	objects = {

/* Begin PBXBuildFile section */
		04B0346821173C3D000F665D /* AppDelegate.swift in Sources */ = {isa = PBXBuildFile; fileRef = 04B0346721173C3D000F665D /* AppDelegate.swift */; };
		04B0346A21173C3D000F665D /* ViewController.swift in Sources */ = {isa = PBXBuildFile; fileRef = 04B0346921173C3D000F665D /* ViewController.swift */; };
		04B0346D21173C3D000F665D /* Main.storyboard in Resources */ = {isa = PBXBuildFile; fileRef = 04B0346B21173C3D000F665D /* Main.storyboard */; };
		04B0346F21173C3E000F665D /* Assets.xcassets in Resources */ = {isa = PBXBuildFile; fileRef = 04B0346E21173C3E000F665D /* Assets.xcassets */; };
		04B0347221173C3E000F665D /* LaunchScreen.storyboard in Resources */ = {isa = PBXBuildFile; fileRef = 04B0347021173C3E000F665D /* LaunchScreen.storyboard */; };
		AFF99983B1FD17FA94C0EB4F /* Pods_Rxswift_Login.framework in Frameworks */ = {isa = PBXBuildFile; fileRef = 8E03B797A23FA499C2E8A60B /* Pods_Rxswift_Login.framework */; };
/* End PBXBuildFile section */

/* Begin PBXFileReference section */
		04B0346421173C3D000F665D /* Rxswift_Login.app */ = {isa = PBXFileReference; explicitFileType = wrapper.application; includeInIndex = 0; path = Rxswift_Login.app; sourceTree = BUILT_PRODUCTS_DIR; };
		04B0346721173C3D000F665D /* AppDelegate.swift */ = {isa = PBXFileReference; lastKnownFileType = sourcecode.swift; path = AppDelegate.swift; sourceTree = "<group>"; };
		04B0346921173C3D000F665D /* ViewController.swift */ = {isa = PBXFileReference; lastKnownFileType = sourcecode.swift; path = ViewController.swift; sourceTree = "<group>"; };
		04B0346C21173C3D000F665D /* Base */ = {isa = PBXFileReference; lastKnownFileType = file.storyboard; name = Base; path = Base.lproj/Main.storyboard; sourceTree = "<group>"; };
		04B0346E21173C3E000F665D /* Assets.xcassets */ = {isa = PBXFileReference; lastKnownFileType = folder.assetcatalog; path = Assets.xcassets; sourceTree = "<group>"; };
		04B0347121173C3E000F665D /* Base */ = {isa = PBXFileReference; lastKnownFileType = file.storyboard; name = Base; path = Base.lproj/LaunchScreen.storyboard; sourceTree = "<group>"; };
		04B0347321173C3E000F665D /* Info.plist */ = {isa = PBXFileReference; lastKnownFileType = text.plist.xml; path = Info.plist; sourceTree = "<group>"; };
		31D20B935C8E197F64D6119A /* Pods-Rxswift_Login.release.xcconfig */ = {isa = PBXFileReference; includeInIndex = 1; lastKnownFileType = text.xcconfig; name = "Pods-Rxswift_Login.release.xcconfig"; path = "Pods/Target Support Files/Pods-Rxswift_Login/Pods-Rxswift_Login.release.xcconfig"; sourceTree = "<group>"; };
		8E03B797A23FA499C2E8A60B /* Pods_Rxswift_Login.framework */ = {isa = PBXFileReference; explicitFileType = wrapper.framework; includeInIndex = 0; path = Pods_Rxswift_Login.framework; sourceTree = BUILT_PRODUCTS_DIR; };
		FF07892DD3B1BBA2E6B1F13D /* Pods-Rxswift_Login.debug.xcconfig */ = {isa = PBXFileReference; includeInIndex = 1; lastKnownFileType = text.xcconfig; name = "Pods-Rxswift_Login.debug.xcconfig"; path = "Pods/Target Support Files/Pods-Rxswift_Login/Pods-Rxswift_Login.debug.xcconfig"; sourceTree = "<group>"; };
/* End PBXFileReference section */

/* Begin PBXFrameworksBuildPhase section */
		04B0346121173C3D000F665D /* Frameworks */ = {
			isa = PBXFrameworksBuildPhase;
			buildActionMask = 2147483647;
			files = (
				AFF99983B1FD17FA94C0EB4F /* Pods_Rxswift_Login.framework in Frameworks */,
			);
			runOnlyForDeploymentPostprocessing = 0;
		};
/* End PBXFrameworksBuildPhase section */

/* Begin PBXGroup section */
		04B0345B21173C3D000F665D = {
			isa = PBXGroup;
			children = (
				04B0346621173C3D000F665D /* Rxswift_Login */,
				04B0346521173C3D000F665D /* Products */,
				D7A6066687CEDAF335D5CC1B /* Pods */,
				256B58787997E67DAB463188 /* Frameworks */,
			);
			sourceTree = "<group>";
		};
		04B0346521173C3D000F665D /* Products */ = {
			isa = PBXGroup;
			children = (
				04B0346421173C3D000F665D /* Rxswift_Login.app */,
			);
			name = Products;
			sourceTree = "<group>";
		};
		04B0346621173C3D000F665D /* Rxswift_Login */ = {
			isa = PBXGroup;
			children = (
				04B0346721173C3D000F665D /* AppDelegate.swift */,
				04B0346921173C3D000F665D /* ViewController.swift */,
				04B0346B21173C3D000F665D /* Main.storyboard */,
				04B0346E21173C3E000F665D /* Assets.xcassets */,
				04B0347021173C3E000F665D /* LaunchScreen.storyboard */,
				04B0347321173C3E000F665D /* Info.plist */,
			);
			path = Rxswift_Login;
			sourceTree = "<group>";
		};
		256B58787997E67DAB463188 /* Frameworks */ = {
			isa = PBXGroup;
			children = (
				8E03B797A23FA499C2E8A60B /* Pods_Rxswift_Login.framework */,
			);
			name = Frameworks;
			sourceTree = "<group>";
		};
		D7A6066687CEDAF335D5CC1B /* Pods */ = {
			isa = PBXGroup;
			children = (
				FF07892DD3B1BBA2E6B1F13D /* Pods-Rxswift_Login.debug.xcconfig */,
				31D20B935C8E197F64D6119A /* Pods-Rxswift_Login.release.xcconfig */,
			);
			name = Pods;
			sourceTree = "<group>";
		};
/* End PBXGroup section */

/* Begin PBXNativeTarget section */
		04B0346321173C3D000F665D /* Rxswift_Login */ = {
			isa = PBXNativeTarget;
			buildConfigurationList = 04B0347621173C3E000F665D /* Build configuration list for PBXNativeTarget "Rxswift_Login" */;
			buildPhases = (
				2F1656EEF3BF59CF154379E1 /* [CP] Check Pods Manifest.lock */,
				04B0346021173C3D000F665D /* Sources */,
				04B0346121173C3D000F665D /* Frameworks */,
				04B0346221173C3D000F665D /* Resources */,
				396E75C43E763B32051C541B /* [CP] Embed Pods Frameworks */,
			);
			buildRules = (
			);
			dependencies = (
			);
			name = Rxswift_Login;
			productName = Rxswift_Login;
			productReference = 04B0346421173C3D000F665D /* Rxswift_Login.app */;
			productType = "com.apple.product-type.application";
		};
/* End PBXNativeTarget section */

/* Begin PBXProject section */
		04B0345C21173C3D000F665D /* Project object */ = {
			isa = PBXProject;
			attributes = {
				LastSwiftUpdateCheck = 0930;
				LastUpgradeCheck = 0930;
				ORGANIZATIONNAME = UkJin;
				TargetAttributes = {
					04B0346321173C3D000F665D = {
						CreatedOnToolsVersion = 9.3;
					};
				};
			};
			buildConfigurationList = 04B0345F21173C3D000F665D /* Build configuration list for PBXProject "Rxswift_Login" */;
			compatibilityVersion = "Xcode 9.3";
			developmentRegion = en;
			hasScannedForEncodings = 0;
			knownRegions = (
				en,
				Base,
			);
			mainGroup = 04B0345B21173C3D000F665D;
			productRefGroup = 04B0346521173C3D000F665D /* Products */;
			projectDirPath = "";
			projectRoot = "";
			targets = (
				04B0346321173C3D000F665D /* Rxswift_Login */,
			);
		};
/* End PBXProject section */

/* Begin PBXResourcesBuildPhase section */
		04B0346221173C3D000F665D /* Resources */ = {
			isa = PBXResourcesBuildPhase;
			buildActionMask = 2147483647;
			files = (
				04B0347221173C3E000F665D /* LaunchScreen.storyboard in Resources */,
				04B0346F21173C3E000F665D /* Assets.xcassets in Resources */,
				04B0346D21173C3D000F665D /* Main.storyboard in Resources */,
			);
			runOnlyForDeploymentPostprocessing = 0;
		};
/* End PBXResourcesBuildPhase section */

/* Begin PBXShellScriptBuildPhase section */
		2F1656EEF3BF59CF154379E1 /* [CP] Check Pods Manifest.lock */ = {
			isa = PBXShellScriptBuildPhase;
			buildActionMask = 2147483647;
			files = (
			);
			inputPaths = (
				"${PODS_PODFILE_DIR_PATH}/Podfile.lock",
				"${PODS_ROOT}/Manifest.lock",
			);
			name = "[CP] Check Pods Manifest.lock";
			outputPaths = (
				"$(DERIVED_FILE_DIR)/Pods-Rxswift_Login-checkManifestLockResult.txt",
			);
			runOnlyForDeploymentPostprocessing = 0;
			shellPath = /bin/sh;
			shellScript = "diff \"${PODS_PODFILE_DIR_PATH}/Podfile.lock\" \"${PODS_ROOT}/Manifest.lock\" > /dev/null\nif [ $? != 0 ] ; then\n    # print error to STDERR\n    echo \"error: The sandbox is not in sync with the Podfile.lock. Run 'pod install' or update your CocoaPods installation.\" >&2\n    exit 1\nfi\n# This output is used by Xcode 'outputs' to avoid re-running this script phase.\necho \"SUCCESS\" > \"${SCRIPT_OUTPUT_FILE_0}\"\n";
			showEnvVarsInLog = 0;
		};
		396E75C43E763B32051C541B /* [CP] Embed Pods Frameworks */ = {
			isa = PBXShellScriptBuildPhase;
			buildActionMask = 2147483647;
			files = (
			);
			inputPaths = (
				"${SRCROOT}/Pods/Target Support Files/Pods-Rxswift_Login/Pods-Rxswift_Login-frameworks.sh",
				"${BUILT_PRODUCTS_DIR}/RxCocoa/RxCocoa.framework",
				"${BUILT_PRODUCTS_DIR}/RxSwift/RxSwift.framework",
			);
			name = "[CP] Embed Pods Frameworks";
			outputPaths = (
				"${TARGET_BUILD_DIR}/${FRAMEWORKS_FOLDER_PATH}/RxCocoa.framework",
				"${TARGET_BUILD_DIR}/${FRAMEWORKS_FOLDER_PATH}/RxSwift.framework",
			);
			runOnlyForDeploymentPostprocessing = 0;
			shellPath = /bin/sh;
			shellScript = "\"${SRCROOT}/Pods/Target Support Files/Pods-Rxswift_Login/Pods-Rxswift_Login-frameworks.sh\"\n";
			showEnvVarsInLog = 0;
		};
/* End PBXShellScriptBuildPhase section */

/* Begin PBXSourcesBuildPhase section */
		04B0346021173C3D000F665D /* Sources */ = {
			isa = PBXSourcesBuildPhase;
			buildActionMask = 2147483647;
			files = (
				04B0346A21173C3D000F665D /* ViewController.swift in Sources */,
				04B0346821173C3D000F665D /* AppDelegate.swift in Sources */,
			);
			runOnlyForDeploymentPostprocessing = 0;
		};
/* End PBXSourcesBuildPhase section */

/* Begin PBXVariantGroup section */
		04B0346B21173C3D000F665D /* Main.storyboard */ = {
			isa = PBXVariantGroup;
			children = (
				04B0346C21173C3D000F665D /* Base */,
			);
			name = Main.storyboard;
			sourceTree = "<group>";
		};
		04B0347021173C3E000F665D /* LaunchScreen.storyboard */ = {
			isa = PBXVariantGroup;
			children = (
				04B0347121173C3E000F665D /* Base */,
			);
			name = LaunchScreen.storyboard;
			sourceTree = "<group>";
		};
/* End PBXVariantGroup section */

/* Begin XCBuildConfiguration section */
		04B0347421173C3E000F665D /* Debug */ = {
			isa = XCBuildConfiguration;
			buildSettings = {
				ALWAYS_SEARCH_USER_PATHS = NO;
				CLANG_ANALYZER_NONNULL = YES;
				CLANG_ANALYZER_NUMBER_OBJECT_CONVERSION = YES_AGGRESSIVE;
				CLANG_CXX_LANGUAGE_STANDARD = "gnu++14";
				CLANG_CXX_LIBRARY = "libc++";
				CLANG_ENABLE_MODULES = YES;
				CLANG_ENABLE_OBJC_ARC = YES;
				CLANG_ENABLE_OBJC_WEAK = YES;
				CLANG_WARN_BLOCK_CAPTURE_AUTORELEASING = YES;
				CLANG_WARN_BOOL_CONVERSION = YES;
				CLANG_WARN_COMMA = YES;
				CLANG_WARN_CONSTANT_CONVERSION = YES;
				CLANG_WARN_DEPRECATED_OBJC_IMPLEMENTATIONS = YES;
				CLANG_WARN_DIRECT_OBJC_ISA_USAGE = YES_ERROR;
				CLANG_WARN_DOCUMENTATION_COMMENTS = YES;
				CLANG_WARN_EMPTY_BODY = YES;
				CLANG_WARN_ENUM_CONVERSION = YES;
				CLANG_WARN_INFINITE_RECURSION = YES;
				CLANG_WARN_INT_CONVERSION = YES;
				CLANG_WARN_NON_LITERAL_NULL_CONVERSION = YES;
				CLANG_WARN_OBJC_IMPLICIT_RETAIN_SELF = YES;
				CLANG_WARN_OBJC_LITERAL_CONVERSION = YES;
				CLANG_WARN_OBJC_ROOT_CLASS = YES_ERROR;
				CLANG_WARN_RANGE_LOOP_ANALYSIS = YES;
				CLANG_WARN_STRICT_PROTOTYPES = YES;
				CLANG_WARN_SUSPICIOUS_MOVE = YES;
				CLANG_WARN_UNGUARDED_AVAILABILITY = YES_AGGRESSIVE;
				CLANG_WARN_UNREACHABLE_CODE = YES;
				CLANG_WARN__DUPLICATE_METHOD_MATCH = YES;
				CODE_SIGN_IDENTITY = "iPhone Developer";
				COPY_PHASE_STRIP = NO;
				DEBUG_INFORMATION_FORMAT = dwarf;
				ENABLE_STRICT_OBJC_MSGSEND = YES;
				ENABLE_TESTABILITY = YES;
				GCC_C_LANGUAGE_STANDARD = gnu11;
				GCC_DYNAMIC_NO_PIC = NO;
				GCC_NO_COMMON_BLOCKS = YES;
				GCC_OPTIMIZATION_LEVEL = 0;
				GCC_PREPROCESSOR_DEFINITIONS = (
					"DEBUG=1",
					"$(inherited)",
				);
				GCC_WARN_64_TO_32_BIT_CONVERSION = YES;
				GCC_WARN_ABOUT_RETURN_TYPE = YES_ERROR;
				GCC_WARN_UNDECLARED_SELECTOR = YES;
				GCC_WARN_UNINITIALIZED_AUTOS = YES_AGGRESSIVE;
				GCC_WARN_UNUSED_FUNCTION = YES;
				GCC_WARN_UNUSED_VARIABLE = YES;
				IPHONEOS_DEPLOYMENT_TARGET = 11.3;
				MTL_ENABLE_DEBUG_INFO = YES;
				ONLY_ACTIVE_ARCH = YES;
				SDKROOT = iphoneos;
				SWIFT_ACTIVE_COMPILATION_CONDITIONS = DEBUG;
				SWIFT_OPTIMIZATION_LEVEL = "-Onone";
			};
			name = Debug;
		};
		04B0347521173C3E000F665D /* Release */ = {
			isa = XCBuildConfiguration;
			buildSettings = {
				ALWAYS_SEARCH_USER_PATHS = NO;
				CLANG_ANALYZER_NONNULL = YES;
				CLANG_ANALYZER_NUMBER_OBJECT_CONVERSION = YES_AGGRESSIVE;
				CLANG_CXX_LANGUAGE_STANDARD = "gnu++14";
				CLANG_CXX_LIBRARY = "libc++";
				CLANG_ENABLE_MODULES = YES;
				CLANG_ENABLE_OBJC_ARC = YES;
				CLANG_ENABLE_OBJC_WEAK = YES;
				CLANG_WARN_BLOCK_CAPTURE_AUTORELEASING = YES;
				CLANG_WARN_BOOL_CONVERSION = YES;
				CLANG_WARN_COMMA = YES;
				CLANG_WARN_CONSTANT_CONVERSION = YES;
				CLANG_WARN_DEPRECATED_OBJC_IMPLEMENTATIONS = YES;
				CLANG_WARN_DIRECT_OBJC_ISA_USAGE = YES_ERROR;
				CLANG_WARN_DOCUMENTATION_COMMENTS = YES;
				CLANG_WARN_EMPTY_BODY = YES;
				CLANG_WARN_ENUM_CONVERSION = YES;
				CLANG_WARN_INFINITE_RECURSION = YES;
				CLANG_WARN_INT_CONVERSION = YES;
				CLANG_WARN_NON_LITERAL_NULL_CONVERSION = YES;
				CLANG_WARN_OBJC_IMPLICIT_RETAIN_SELF = YES;
				CLANG_WARN_OBJC_LITERAL_CONVERSION = YES;
				CLANG_WARN_OBJC_ROOT_CLASS = YES_ERROR;
				CLANG_WARN_RANGE_LOOP_ANALYSIS = YES;
				CLANG_WARN_STRICT_PROTOTYPES = YES;
				CLANG_WARN_SUSPICIOUS_MOVE = YES;
				CLANG_WARN_UNGUARDED_AVAILABILITY = YES_AGGRESSIVE;
				CLANG_WARN_UNREACHABLE_CODE = YES;
				CLANG_WARN__DUPLICATE_METHOD_MATCH = YES;
				CODE_SIGN_IDENTITY = "iPhone Developer";
				COPY_PHASE_STRIP = NO;
				DEBUG_INFORMATION_FORMAT = "dwarf-with-dsym";
				ENABLE_NS_ASSERTIONS = NO;
				ENABLE_STRICT_OBJC_MSGSEND = YES;
				GCC_C_LANGUAGE_STANDARD = gnu11;
				GCC_NO_COMMON_BLOCKS = YES;
				GCC_WARN_64_TO_32_BIT_CONVERSION = YES;
				GCC_WARN_ABOUT_RETURN_TYPE = YES_ERROR;
				GCC_WARN_UNDECLARED_SELECTOR = YES;
				GCC_WARN_UNINITIALIZED_AUTOS = YES_AGGRESSIVE;
				GCC_WARN_UNUSED_FUNCTION = YES;
				GCC_WARN_UNUSED_VARIABLE = YES;
				IPHONEOS_DEPLOYMENT_TARGET = 11.3;
				MTL_ENABLE_DEBUG_INFO = NO;
				SDKROOT = iphoneos;
				SWIFT_COMPILATION_MODE = wholemodule;
				SWIFT_OPTIMIZATION_LEVEL = "-O";
				VALIDATE_PRODUCT = YES;
			};
			name = Release;
		};
		04B0347721173C3E000F665D /* Debug */ = {
			isa = XCBuildConfiguration;
			baseConfigurationReference = FF07892DD3B1BBA2E6B1F13D /* Pods-Rxswift_Login.debug.xcconfig */;
			buildSettings = {
				ASSETCATALOG_COMPILER_APPICON_NAME = AppIcon;
				CODE_SIGN_STYLE = Automatic;
				DEVELOPMENT_TEAM = UPVNKF4986;
				INFOPLIST_FILE = Rxswift_Login/Info.plist;
				LD_RUNPATH_SEARCH_PATHS = "$(inherited) @executable_path/Frameworks";
				PRODUCT_BUNDLE_IDENTIFIER = "com.swift.Rxswift-Login";
				PRODUCT_NAME = "$(TARGET_NAME)";
				SWIFT_VERSION = 4.0;
				TARGETED_DEVICE_FAMILY = "1,2";
			};
			name = Debug;
		};
		04B0347821173C3E000F665D /* Release */ = {
			isa = XCBuildConfiguration;
			baseConfigurationReference = 31D20B935C8E197F64D6119A /* Pods-Rxswift_Login.release.xcconfig */;
			buildSettings = {
				ASSETCATALOG_COMPILER_APPICON_NAME = AppIcon;
				CODE_SIGN_STYLE = Automatic;
				DEVELOPMENT_TEAM = UPVNKF4986;
				INFOPLIST_FILE = Rxswift_Login/Info.plist;
				LD_RUNPATH_SEARCH_PATHS = "$(inherited) @executable_path/Frameworks";
				PRODUCT_BUNDLE_IDENTIFIER = "com.swift.Rxswift-Login";
				PRODUCT_NAME = "$(TARGET_NAME)";
				SWIFT_VERSION = 4.0;
				TARGETED_DEVICE_FAMILY = "1,2";
			};
			name = Release;
		};
/* End XCBuildConfiguration section */

/* Begin XCConfigurationList section */
		04B0345F21173C3D000F665D /* Build configuration list for PBXProject "Rxswift_Login" */ = {
			isa = XCConfigurationList;
			buildConfigurations = (
				04B0347421173C3E000F665D /* Debug */,
				04B0347521173C3E000F665D /* Release */,
			);
			defaultConfigurationIsVisible = 0;
			defaultConfigurationName = Release;
		};
		04B0347621173C3E000F665D /* Build configuration list for PBXNativeTarget "Rxswift_Login" */ = {
			isa = XCConfigurationList;
			buildConfigurations = (
				04B0347721173C3E000F665D /* Debug */,
				04B0347821173C3E000F665D /* Release */,
			);
			defaultConfigurationIsVisible = 0;
			defaultConfigurationName = Release;
		};
/* End XCConfigurationList section */
	};
	rootObject = 04B0345C21173C3D000F665D /* Project object */;
}
